# DEEPX OCR Web upstream (same repos as deepx-mskang/dx-demo).
# Compatible Mode: leave COMMIT empty to track branch deepx on deploy.
# Optional: pin COMMIT for regression tests only — not required for customer boards.

PP-OCRv5_Online_demo-deepx_REPO=https://github.com/DEEPX-AI/PP-OCRv5_Online_demo-deepx.git
PP-OCRv5_Online_demo-deepx_BRANCH=deepx
PP-OCRv5_Online_demo-deepx_COMMIT=

PaddleOCR-deepx_REPO=https://github.com/DEEPX-AI/PaddleOCR-deepx.git
PaddleOCR-deepx_BRANCH=deepx
PaddleOCR-deepx_COMMIT=
